
Microsoft Visual Studio Solution File, Format Version 11.00
# Visual C++ Express 2010
Project("{8BC9CEB8-8B4A-11D0-8D11-00A0C91BC942}") = "Hello World", "Hello World\Hello World.vcxproj", "{8BD1CBEE-DF93-4D6B-B939-C59471EB3A60}"
EndProject
Global
	GlobalSection(SolutionConfigurationPlatforms) = preSolution
		Debug|Win32 = Debug|Win32
		Release|Win32 = Release|Win32
	EndGlobalSection
	GlobalSection(ProjectConfigurationPlatforms) = postSolution
		{8BD1CBEE-DF93-4D6B-B939-C59471EB3A60}.Debug|Win32.ActiveCfg = Debug|Win32
		{8BD1CBEE-DF93-4D6B-B939-C59471EB3A60}.Debug|Win32.Build.0 = Debug|Win32
		{8BD1CBEE-DF93-4D6B-B939-C59471EB3A60}.Release|Win32.ActiveCfg = Release|Win32
		{8BD1CBEE-DF93-4D6B-B939-C59471EB3A60}.Release|Win32.Build.0 = Release|Win32
	EndGlobalSection
	GlobalSection(SolutionProperties) = preSolution
		HideSolutionNode = FALSE
	EndGlobalSection
EndGlobal
